// !$*UTF8*$!
{
	archiveVersion = 1;
	classes = {
	};
	objectVersion = 77;
	objects = {

/* Begin PBXContainerItemProxy section */
		0BC8E1762D04496300FF48AE /* PBXContainerItemProxy */ = {
			isa = PBXContainerItemProxy;
			containerPortal = 0BC8E1582D04496100FF48AE /* Project object */;
			proxyType = 1;
			remoteGlobalIDString = 0BC8E15F2D04496100FF48AE;
			remoteInfo = DemoXCTest;
		};
		0BC8E1802D04496300FF48AE /* PBXContainerItemProxy */ = {
			isa = PBXContainerItemProxy;
			containerPortal = 0BC8E1582D04496100FF48AE /* Project object */;
			proxyType = 1;
			remoteGlobalIDString = 0BC8E15F2D04496100FF48AE;
			remoteInfo = DemoXCTest;
		};
/* End PBXContainerItemProxy section */

/* Begin PBXFileReference section */
		0BC8E1602D04496100FF48AE /* DemoXCTest.app */ = {isa = PBXFileReference; explicitFileType = wrapper.application; includeInIndex = 0; path = DemoXCTest.app; sourceTree = BUILT_PRODUCTS_DIR; };
		0BC8E1752D04496300FF48AE /* DemoXCTestTests.xctest */ = {isa = PBXFileReference; explicitFileType = wrapper.cfbundle; includeInIndex = 0; path = DemoXCTestTests.xctest; sourceTree = BUILT_PRODUCTS_DIR; };
		0BC8E17F2D04496300FF48AE /* DemoXCTestUITests.xctest */ = {isa = PBXFileReference; explicitFileType = wrapper.cfbundle; includeInIndex = 0; path = DemoXCTestUITests.xctest; sourceTree = BUILT_PRODUCTS_DIR; };
/* End PBXFileReference section */

/* Begin PBXFileSystemSynchronizedBuildFileExceptionSet section */
		0104EFE62D0485820088950A /* Exceptions for "DemoXCTest" folder in "DemoXCTestTests" target */ = {
			isa = PBXFileSystemSynchronizedBuildFileExceptionSet;
			membershipExceptions = (
				DemoXCTest.xcdatamodeld,
			);
			target = 0BC8E1742D04496300FF48AE /* DemoXCTestTests */;
		};
		0104EFE72D0485820088950A /* Exceptions for "DemoXCTest" folder in "DemoXCTestUITests" target */ = {
			isa = PBXFileSystemSynchronizedBuildFileExceptionSet;
			membershipExceptions = (
				DemoXCTest.xcdatamodeld,
			);
			target = 0BC8E17E2D04496300FF48AE /* DemoXCTestUITests */;
		};
		0B90CF132D06DF0300FB8A9F /* Exceptions for "DemoXCTestTests" folder in "DemoXCTestTests" target */ = {
			isa = PBXFileSystemSynchronizedBuildFileExceptionSet;
			membershipExceptions = (
				DemoXCTestTests.swift,
			);
			target = 0BC8E1742D04496300FF48AE /* DemoXCTestTests */;
		};
/* End PBXFileSystemSynchronizedBuildFileExceptionSet section */

/* Begin PBXFileSystemSynchronizedRootGroup section */
		0BC8E1622D04496100FF48AE /* DemoXCTest */ = {
			isa = PBXFileSystemSynchronizedRootGroup;
			exceptions = (
				0104EFE62D0485820088950A /* Exceptions for "DemoXCTest" folder in "DemoXCTestTests" target */,
				0104EFE72D0485820088950A /* Exceptions for "DemoXCTest" folder in "DemoXCTestUITests" target */,
			);
			path = DemoXCTest;
			sourceTree = "<group>";
		};
		0BC8E1782D04496300FF48AE /* DemoXCTestTests */ = {
			isa = PBXFileSystemSynchronizedRootGroup;
			exceptions = (
				0B90CF132D06DF0300FB8A9F /* Exceptions for "DemoXCTestTests" folder in "DemoXCTestTests" target */,
			);
			path = DemoXCTestTests;
			sourceTree = "<group>";
		};
		0BC8E1822D04496300FF48AE /* DemoXCTestUITests */ = {
			isa = PBXFileSystemSynchronizedRootGroup;
			path = DemoXCTestUITests;
			sourceTree = "<group>";
		};
/* End PBXFileSystemSynchronizedRootGroup section */

/* Begin PBXFrameworksBuildPhase section */
		0BC8E15D2D04496100FF48AE /* Frameworks */ = {
			isa = PBXFrameworksBuildPhase;
			buildActionMask = 2147483647;
			files = (
			);
			runOnlyForDeploymentPostprocessing = 0;
		};
		0BC8E1722D04496300FF48AE /* Frameworks */ = {
			isa = PBXFrameworksBuildPhase;
			buildActionMask = 2147483647;
			files = (
			);
			runOnlyForDeploymentPostprocessing = 0;
		};
		0BC8E17C2D04496300FF48AE /* Frameworks */ = {
			isa = PBXFrameworksBuildPhase;
			buildActionMask = 2147483647;
			files = (
			);
			runOnlyForDeploymentPostprocessing = 0;
		};
/* End PBXFrameworksBuildPhase section */

/* Begin PBXGroup section */
		0BC8E1572D04496100FF48AE = {
			isa = PBXGroup;
			children = (
				0BC8E1622D04496100FF48AE /* DemoXCTest */,
				0BC8E1782D04496300FF48AE /* DemoXCTestTests */,
				0BC8E1822D04496300FF48AE /* DemoXCTestUITests */,
				0BC8E1612D04496100FF48AE /* Products */,
			);
			sourceTree = "<group>";
		};
		0BC8E1612D04496100FF48AE /* Products */ = {
			isa = PBXGroup;
			children = (
				0BC8E1602D04496100FF48AE /* DemoXCTest.app */,
				0BC8E1752D04496300FF48AE /* DemoXCTestTests.xctest */,
				0BC8E17F2D04496300FF48AE /* DemoXCTestUITests.xctest */,
			);
			name = Products;
			sourceTree = "<group>";
		};
/* End PBXGroup section */

/* Begin PBXNativeTarget section */
		0BC8E15F2D04496100FF48AE /* DemoXCTest */ = {
			isa = PBXNativeTarget;
			buildConfigurationList = 0BC8E1892D04496300FF48AE /* Build configuration list for PBXNativeTarget "DemoXCTest" */;
			buildPhases = (
				0BC8E15C2D04496100FF48AE /* Sources */,
				0BC8E15D2D04496100FF48AE /* Frameworks */,
				0BC8E15E2D04496100FF48AE /* Resources */,
			);
			buildRules = (
			);
			dependencies = (
			);
			fileSystemSynchronizedGroups = (
				0BC8E1622D04496100FF48AE /* DemoXCTest */,
			);
			name = DemoXCTest;
			packageProductDependencies = (
			);
			productName = DemoXCTest;
			productReference = 0BC8E1602D04496100FF48AE /* DemoXCTest.app */;
			productType = "com.apple.product-type.application";
		};
		0BC8E1742D04496300FF48AE /* DemoXCTestTests */ = {
			isa = PBXNativeTarget;
			buildConfigurationList = 0BC8E18C2D04496300FF48AE /* Build configuration list for PBXNativeTarget "DemoXCTestTests" */;
			buildPhases = (
				0BC8E1712D04496300FF48AE /* Sources */,
				0BC8E1722D04496300FF48AE /* Frameworks */,
				0BC8E1732D04496300FF48AE /* Resources */,
			);
			buildRules = (
			);
			dependencies = (
				0BC8E1772D04496300FF48AE /* PBXTargetDependency */,
			);
			fileSystemSynchronizedGroups = (
				0BC8E1782D04496300FF48AE /* DemoXCTestTests */,
			);
			name = DemoXCTestTests;
			packageProductDependencies = (
			);
			productName = DemoXCTestTests;
			productReference = 0BC8E1752D04496300FF48AE /* DemoXCTestTests.xctest */;
			productType = "com.apple.product-type.bundle.unit-test";
		};
		0BC8E17E2D04496300FF48AE /* DemoXCTestUITests */ = {
			isa = PBXNativeTarget;
			buildConfigurationList = 0BC8E18F2D04496300FF48AE /* Build configuration list for PBXNativeTarget "DemoXCTestUITests" */;
			buildPhases = (
				0BC8E17B2D04496300FF48AE /* Sources */,
				0BC8E17C2D04496300FF48AE /* Frameworks */,
				0BC8E17D2D04496300FF48AE /* Resources */,
			);
			buildRules = (
			);
			dependencies = (
				0BC8E1812D04496300FF48AE /* PBXTargetDependency */,
			);
			fileSystemSynchronizedGroups = (
				0BC8E1822D04496300FF48AE /* DemoXCTestUITests */,
			);
			name = DemoXCTestUITests;
			packageProductDependencies = (
			);
			productName = DemoXCTestUITests;
			productReference = 0BC8E17F2D04496300FF48AE /* DemoXCTestUITests.xctest */;
			productType = "com.apple.product-type.bundle.ui-testing";
		};
/* End PBXNativeTarget section */

/* Begin PBXProject section */
		0BC8E1582D04496100FF48AE /* Project object */ = {
			isa = PBXProject;
			attributes = {
				BuildIndependentTargetsInParallel = 1;
				LastSwiftUpdateCheck = 1610;
				LastUpgradeCheck = 1610;
				TargetAttributes = {
					0BC8E15F2D04496100FF48AE = {
						CreatedOnToolsVersion = 16.1;
					};
					0BC8E1742D04496300FF48AE = {
						CreatedOnToolsVersion = 16.1;
						TestTargetID = 0BC8E15F2D04496100FF48AE;
					};
					0BC8E17E2D04496300FF48AE = {
						CreatedOnToolsVersion = 16.1;
						TestTargetID = 0BC8E15F2D04496100FF48AE;
					};
				};
			};
			buildConfigurationList = 0BC8E15B2D04496100FF48AE /* Build configuration list for PBXProject "DemoXCTest" */;
			developmentRegion = en;
			hasScannedForEncodings = 0;
			knownRegions = (
				en,
				Base,
			);
			mainGroup = 0BC8E1572D04496100FF48AE;
			minimizedProjectReferenceProxies = 1;
			preferredProjectObjectVersion = 77;
			productRefGroup = 0BC8E1612D04496100FF48AE /* Products */;
			projectDirPath = "";
			projectRoot = "";
			targets = (
				0BC8E15F2D04496100FF48AE /* DemoXCTest */,
				0BC8E1742D04496300FF48AE /* DemoXCTestTests */,
				0BC8E17E2D04496300FF48AE /* DemoXCTestUITests */,
			);
		};
/* End PBXProject section */

/* Begin PBXResourcesBuildPhase section */
		0BC8E15E2D04496100FF48AE /* Resources */ = {
			isa = PBXResourcesBuildPhase;
			buildActionMask = 2147483647;
			files = (
			);
			runOnlyForDeploymentPostprocessing = 0;
		};
		0BC8E1732D04496300FF48AE /* Resources */ = {
			isa = PBXResourcesBuildPhase;
			buildActionMask = 2147483647;
			files = (
			);
			runOnlyForDeploymentPostprocessing = 0;
		};
		0BC8E17D2D04496300FF48AE /* Resources */ = {
			isa = PBXResourcesBuildPhase;
			buildActionMask = 2147483647;
			files = (
			);
			runOnlyForDeploymentPostprocessing = 0;
		};
/* End PBXResourcesBuildPhase section */

/* Begin PBXSourcesBuildPhase section */
		0BC8E15C2D04496100FF48AE /* Sources */ = {
			isa = PBXSourcesBuildPhase;
			buildActionMask = 2147483647;
			files = (
			);
			runOnlyForDeploymentPostprocessing = 0;
		};
		0BC8E1712D04496300FF48AE /* Sources */ = {
			isa = PBXSourcesBuildPhase;
			buildActionMask = 2147483647;
			files = (
			);
			runOnlyForDeploymentPostprocessing = 0;
		};
		0BC8E17B2D04496300FF48AE /* Sources */ = {
			isa = PBXSourcesBuildPhase;
			buildActionMask = 2147483647;
			files = (
			);
			runOnlyForDeploymentPostprocessing = 0;
		};
/* End PBXSourcesBuildPhase section */

/* Begin PBXTargetDependency section */
		0BC8E1772D04496300FF48AE /* PBXTargetDependency */ = {
			isa = PBXTargetDependency;
			target = 0BC8E15F2D04496100FF48AE /* DemoXCTest */;
			targetProxy = 0BC8E1762D04496300FF48AE /* PBXContainerItemProxy */;
		};
		0BC8E1812D04496300FF48AE /* PBXTargetDependency */ = {
			isa = PBXTargetDependency;
			target = 0BC8E15F2D04496100FF48AE /* DemoXCTest */;
			targetProxy = 0BC8E1802D04496300FF48AE /* PBXContainerItemProxy */;
		};
/* End PBXTargetDependency section */

/* Begin XCBuildConfiguration section */
		0BC8E1872D04496300FF48AE /* Debug */ = {
			isa = XCBuildConfiguration;
			buildSettings = {
				ALWAYS_SEARCH_USER_PATHS = NO;
				ASSETCATALOG_COMPILER_GENERATE_SWIFT_ASSET_SYMBOL_EXTENSIONS = YES;
				CLANG_ANALYZER_NONNULL = YES;
				CLANG_ANALYZER_NUMBER_OBJECT_CONVERSION = YES_AGGRESSIVE;
				CLANG_CXX_LANGUAGE_STANDARD = "gnu++20";
				CLANG_ENABLE_MODULES = YES;
				CLANG_ENABLE_OBJC_ARC = YES;
				CLANG_ENABLE_OBJC_WEAK = YES;
				CLANG_WARN_BLOCK_CAPTURE_AUTORELEASING = YES;
				CLANG_WARN_BOOL_CONVERSION = YES;
				CLANG_WARN_COMMA = YES;
				CLANG_WARN_CONSTANT_CONVERSION = YES;
				CLANG_WARN_DEPRECATED_OBJC_IMPLEMENTATIONS = YES;
				CLANG_WARN_DIRECT_OBJC_ISA_USAGE = YES_ERROR;
				CLANG_WARN_DOCUMENTATION_COMMENTS = YES;
				CLANG_WARN_EMPTY_BODY = YES;
				CLANG_WARN_ENUM_CONVERSION = YES;
				CLANG_WARN_INFINITE_RECURSION = YES;
				CLANG_WARN_INT_CONVERSION = YES;
				CLANG_WARN_NON_LITERAL_NULL_CONVERSION = YES;
				CLANG_WARN_OBJC_IMPLICIT_RETAIN_SELF = YES;
				CLANG_WARN_OBJC_LITERAL_CONVERSION = YES;
				CLANG_WARN_OBJC_ROOT_CLASS = YES_ERROR;
				CLANG_WARN_QUOTED_INCLUDE_IN_FRAMEWORK_HEADER = YES;
				CLANG_WARN_RANGE_LOOP_ANALYSIS = YES;
				CLANG_WARN_STRICT_PROTOTYPES = YES;
				CLANG_WARN_SUSPICIOUS_MOVE = YES;
				CLANG_WARN_UNGUARDED_AVAILABILITY = YES_AGGRESSIVE;
				CLANG_WARN_UNREACHABLE_CODE = YES;
				CLANG_WARN__DUPLICATE_METHOD_MATCH = YES;
				COPY_PHASE_STRIP = NO;
				DEBUG_INFORMATION_FORMAT = dwarf;
				DEFINES_MODULE = YES;
				ENABLE_STRICT_OBJC_MSGSEND = YES;
				ENABLE_TESTABILITY = YES;
				ENABLE_USER_SCRIPT_SANDBOXING = YES;
				GCC_C_LANGUAGE_STANDARD = gnu17;
				GCC_DYNAMIC_NO_PIC = NO;
				GCC_NO_COMMON_BLOCKS = YES;
				GCC_OPTIMIZATION_LEVEL = 0;
				GCC_PREPROCESSOR_DEFINITIONS = (
					"DEBUG=1",
					"$(inherited)",
				);
				GCC_WARN_64_TO_32_BIT_CONVERSION = YES;
				GCC_WARN_ABOUT_RETURN_TYPE = YES_ERROR;
				GCC_WARN_UNDECLARED_SELECTOR = YES;
				GCC_WARN_UNINITIALIZED_AUTOS = YES_AGGRESSIVE;
				GCC_WARN_UNUSED_FUNCTION = YES;
				GCC_WARN_UNUSED_VARIABLE = YES;
				IPHONEOS_DEPLOYMENT_TARGET = 15.6;
				LOCALIZATION_PREFERS_STRING_CATALOGS = YES;
				MTL_ENABLE_DEBUG_INFO = INCLUDE_SOURCE;
				MTL_FAST_MATH = YES;
				ONLY_ACTIVE_ARCH = YES;
				SDKROOT = iphoneos;
				SWIFT_ACTIVE_COMPILATION_CONDITIONS = "DEBUG $(inherited)";
				SWIFT_OPTIMIZATION_LEVEL = "-Onone";
				SWIFT_VERSION = 5.0;
			};
			name = Debug;
		};
		0BC8E1882D04496300FF48AE /* Release */ = {
			isa = XCBuildConfiguration;
			buildSettings = {
				ALWAYS_SEARCH_USER_PATHS = NO;
				ASSETCATALOG_COMPILER_GENERATE_SWIFT_ASSET_SYMBOL_EXTENSIONS = YES;
				CLANG_ANALYZER_NONNULL = YES;
				CLANG_ANALYZER_NUMBER_OBJECT_CONVERSION = YES_AGGRESSIVE;
				CLANG_CXX_LANGUAGE_STANDARD = "gnu++20";
				CLANG_ENABLE_MODULES = YES;
				CLANG_ENABLE_OBJC_ARC = YES;
				CLANG_ENABLE_OBJC_WEAK = YES;
				CLANG_WARN_BLOCK_CAPTURE_AUTORELEASING = YES;
				CLANG_WARN_BOOL_CONVERSION = YES;
				CLANG_WARN_COMMA = YES;
				CLANG_WARN_CONSTANT_CONVERSION = YES;
				CLANG_WARN_DEPRECATED_OBJC_IMPLEMENTATIONS = YES;
				CLANG_WARN_DIRECT_OBJC_ISA_USAGE = YES_ERROR;
				CLANG_WARN_DOCUMENTATION_COMMENTS = YES;
				CLANG_WARN_EMPTY_BODY = YES;
				CLANG_WARN_ENUM_CONVERSION = YES;
				CLANG_WARN_INFINITE_RECURSION = YES;
				CLANG_WARN_INT_CONVERSION = YES;
				CLANG_WARN_NON_LITERAL_NULL_CONVERSION = YES;
				CLANG_WARN_OBJC_IMPLICIT_RETAIN_SELF = YES;
				CLANG_WARN_OBJC_LITERAL_CONVERSION = YES;
				CLANG_WARN_OBJC_ROOT_CLASS = YES_ERROR;
				CLANG_WARN_QUOTED_INCLUDE_IN_FRAMEWORK_HEADER = YES;
				CLANG_WARN_RANGE_LOOP_ANALYSIS = YES;
				CLANG_WARN_STRICT_PROTOTYPES = YES;
				CLANG_WARN_SUSPICIOUS_MOVE = YES;
				CLANG_WARN_UNGUARDED_AVAILABILITY = YES_AGGRESSIVE;
				CLANG_WARN_UNREACHABLE_CODE = YES;
				CLANG_WARN__DUPLICATE_METHOD_MATCH = YES;
				COPY_PHASE_STRIP = NO;
				DEBUG_INFORMATION_FORMAT = "dwarf-with-dsym";
				DEFINES_MODULE = YES;
				ENABLE_NS_ASSERTIONS = NO;
				ENABLE_STRICT_OBJC_MSGSEND = YES;
				ENABLE_TESTABILITY = YES;
				ENABLE_USER_SCRIPT_SANDBOXING = YES;
				GCC_C_LANGUAGE_STANDARD = gnu17;
				GCC_NO_COMMON_BLOCKS = YES;
				GCC_WARN_64_TO_32_BIT_CONVERSION = YES;
				GCC_WARN_ABOUT_RETURN_TYPE = YES_ERROR;
				GCC_WARN_UNDECLARED_SELECTOR = YES;
				GCC_WARN_UNINITIALIZED_AUTOS = YES_AGGRESSIVE;
				GCC_WARN_UNUSED_FUNCTION = YES;
				GCC_WARN_UNUSED_VARIABLE = YES;
				IPHONEOS_DEPLOYMENT_TARGET = 15.6;
				LOCALIZATION_PREFERS_STRING_CATALOGS = YES;
				MTL_ENABLE_DEBUG_INFO = NO;
				MTL_FAST_MATH = YES;
				SDKROOT = iphoneos;
				SWIFT_COMPILATION_MODE = wholemodule;
				SWIFT_VERSION = 5.0;
				VALIDATE_PRODUCT = YES;
			};
			name = Release;
		};
		0BC8E18A2D04496300FF48AE /* Debug */ = {
			isa = XCBuildConfiguration;
			buildSettings = {
				ASSETCATALOG_COMPILER_APPICON_NAME = AppIcon;
				ASSETCATALOG_COMPILER_GLOBAL_ACCENT_COLOR_NAME = AccentColor;
				CODE_SIGN_STYLE = Automatic;
				CURRENT_PROJECT_VERSION = 1;
				DEVELOPMENT_ASSET_PATHS = "\"DemoXCTest/Preview Content\"";
				DEVELOPMENT_TEAM = JWKXD469L2;
				ENABLE_PREVIEWS = YES;
				GENERATE_INFOPLIST_FILE = YES;
				INFOPLIST_KEY_UIApplicationSceneManifest_Generation = YES;
				INFOPLIST_KEY_UIApplicationSupportsIndirectInputEvents = YES;
				INFOPLIST_KEY_UILaunchScreen_Generation = YES;
				INFOPLIST_KEY_UISupportedInterfaceOrientations_iPad = "UIInterfaceOrientationPortrait UIInterfaceOrientationPortraitUpsideDown UIInterfaceOrientationLandscapeLeft UIInterfaceOrientationLandscapeRight";
				INFOPLIST_KEY_UISupportedInterfaceOrientations_iPhone = "UIInterfaceOrientationPortrait UIInterfaceOrientationLandscapeLeft UIInterfaceOrientationLandscapeRight";
				LD_RUNPATH_SEARCH_PATHS = (
					"$(inherited)",
					"@executable_path/Frameworks",
				);
				MARKETING_VERSION = 1.0;
				PRODUCT_BUNDLE_IDENTIFIER = com.example.demoxctest.DemoXCTest;
				PRODUCT_NAME = "$(TARGET_NAME)";
				SWIFT_EMIT_LOC_STRINGS = YES;
				SWIFT_VERSION = 5.0;
				TARGETED_DEVICE_FAMILY = "1,2";
			};
			name = Debug;
		};
		0BC8E18B2D04496300FF48AE /* Release */ = {
			isa = XCBuildConfiguration;
			buildSettings = {
				ASSETCATALOG_COMPILER_APPICON_NAME = AppIcon;
				ASSETCATALOG_COMPILER_GLOBAL_ACCENT_COLOR_NAME = AccentColor;
				CODE_SIGN_STYLE = Automatic;
				CURRENT_PROJECT_VERSION = 1;
				DEVELOPMENT_ASSET_PATHS = "\"DemoXCTest/Preview Content\"";
				DEVELOPMENT_TEAM = JWKXD469L2;
				ENABLE_PREVIEWS = YES;
				GENERATE_INFOPLIST_FILE = YES;
				INFOPLIST_KEY_UIApplicationSceneManifest_Generation = YES;
				INFOPLIST_KEY_UIApplicationSupportsIndirectInputEvents = YES;
				INFOPLIST_KEY_UILaunchScreen_Generation = YES;
				INFOPLIST_KEY_UISupportedInterfaceOrientations_iPad = "UIInterfaceOrientationPortrait UIInterfaceOrientationPortraitUpsideDown UIInterfaceOrientationLandscapeLeft UIInterfaceOrientationLandscapeRight";
				INFOPLIST_KEY_UISupportedInterfaceOrientations_iPhone = "UIInterfaceOrientationPortrait UIInterfaceOrientationLandscapeLeft UIInterfaceOrientationLandscapeRight";
				LD_RUNPATH_SEARCH_PATHS = (
					"$(inherited)",
					"@executable_path/Frameworks",
				);
				MARKETING_VERSION = 1.0;
				PRODUCT_BUNDLE_IDENTIFIER = com.example.demoxctest.DemoXCTest;
				PRODUCT_NAME = "$(TARGET_NAME)";
				SWIFT_EMIT_LOC_STRINGS = YES;
				SWIFT_VERSION = 5.0;
				TARGETED_DEVICE_FAMILY = "1,2";
			};
			name = Release;
		};
		0BC8E18D2D04496300FF48AE /* Debug */ = {
			isa = XCBuildConfiguration;
			buildSettings = {
				BUNDLE_LOADER = "$(TEST_HOST)";
				CODE_SIGN_STYLE = Automatic;
				CURRENT_PROJECT_VERSION = 1;
				DEVELOPMENT_TEAM = JWKXD469L2;
				GENERATE_INFOPLIST_FILE = YES;
				IPHONEOS_DEPLOYMENT_TARGET = 15.6;
				MARKETING_VERSION = 1.0;
				PRODUCT_BUNDLE_IDENTIFIER = com.example.demoxctest.DemoXCTestTests;
				PRODUCT_NAME = "$(TARGET_NAME)";
				SWIFT_EMIT_LOC_STRINGS = NO;
				SWIFT_VERSION = 5.0;
				TARGETED_DEVICE_FAMILY = "1,2";
				TEST_HOST = "$(BUILT_PRODUCTS_DIR)/DemoXCTest.app/$(BUNDLE_EXECUTABLE_FOLDER_PATH)/DemoXCTest";
			};
			name = Debug;
		};
		0BC8E18E2D04496300FF48AE /* Release */ = {
			isa = XCBuildConfiguration;
			buildSettings = {
				BUNDLE_LOADER = "$(TEST_HOST)";
				CODE_SIGN_STYLE = Automatic;
				CURRENT_PROJECT_VERSION = 1;
				DEVELOPMENT_TEAM = JWKXD469L2;
				GENERATE_INFOPLIST_FILE = YES;
				IPHONEOS_DEPLOYMENT_TARGET = 15.6;
				MARKETING_VERSION = 1.0;
				PRODUCT_BUNDLE_IDENTIFIER = com.example.demoxctest.DemoXCTestTests;
				PRODUCT_NAME = "$(TARGET_NAME)";
				SWIFT_EMIT_LOC_STRINGS = NO;
				SWIFT_VERSION = 5.0;
				TARGETED_DEVICE_FAMILY = "1,2";
				TEST_HOST = "$(BUILT_PRODUCTS_DIR)/DemoXCTest.app/$(BUNDLE_EXECUTABLE_FOLDER_PATH)/DemoXCTest";
			};
			name = Release;
		};
		0BC8E1902D04496300FF48AE /* Debug */ = {
			isa = XCBuildConfiguration;
			buildSettings = {
				CODE_SIGN_STYLE = Automatic;
				CURRENT_PROJECT_VERSION = 1;
				DEVELOPMENT_TEAM = JWKXD469L2;
				GENERATE_INFOPLIST_FILE = YES;
				MARKETING_VERSION = 1.0;
				PRODUCT_BUNDLE_IDENTIFIER = com.example.demoxctest.DemoXCTestUITests;
				PRODUCT_NAME = "$(TARGET_NAME)";
				SWIFT_EMIT_LOC_STRINGS = NO;
				SWIFT_VERSION = 5.0;
				TARGETED_DEVICE_FAMILY = "1,2";
				TEST_TARGET_NAME = DemoXCTest;
			};
			name = Debug;
		};
		0BC8E1912D04496300FF48AE /* Release */ = {
			isa = XCBuildConfiguration;
			buildSettings = {
				CODE_SIGN_STYLE = Automatic;
				CURRENT_PROJECT_VERSION = 1;
				DEVELOPMENT_TEAM = JWKXD469L2;
				GENERATE_INFOPLIST_FILE = YES;
				MARKETING_VERSION = 1.0;
				PRODUCT_BUNDLE_IDENTIFIER = com.example.demoxctest.DemoXCTestUITests;
				PRODUCT_NAME = "$(TARGET_NAME)";
				SWIFT_EMIT_LOC_STRINGS = NO;
				SWIFT_VERSION = 5.0;
				TARGETED_DEVICE_FAMILY = "1,2";
				TEST_TARGET_NAME = DemoXCTest;
			};
			name = Release;
		};
/* End XCBuildConfiguration section */

/* Begin XCConfigurationList section */
		0BC8E15B2D04496100FF48AE /* Build configuration list for PBXProject "DemoXCTest" */ = {
			isa = XCConfigurationList;
			buildConfigurations = (
				0BC8E1872D04496300FF48AE /* Debug */,
				0BC8E1882D04496300FF48AE /* Release */,
			);
			defaultConfigurationIsVisible = 0;
			defaultConfigurationName = Release;
		};
		0BC8E1892D04496300FF48AE /* Build configuration list for PBXNativeTarget "DemoXCTest" */ = {
			isa = XCConfigurationList;
			buildConfigurations = (
				0BC8E18A2D04496300FF48AE /* Debug */,
				0BC8E18B2D04496300FF48AE /* Release */,
			);
			defaultConfigurationIsVisible = 0;
			defaultConfigurationName = Release;
		};
		0BC8E18C2D04496300FF48AE /* Build configuration list for PBXNativeTarget "DemoXCTestTests" */ = {
			isa = XCConfigurationList;
			buildConfigurations = (
				0BC8E18D2D04496300FF48AE /* Debug */,
				0BC8E18E2D04496300FF48AE /* Release */,
			);
			defaultConfigurationIsVisible = 0;
			defaultConfigurationName = Release;
		};
		0BC8E18F2D04496300FF48AE /* Build configuration list for PBXNativeTarget "DemoXCTestUITests" */ = {
			isa = XCConfigurationList;
			buildConfigurations = (
				0BC8E1902D04496300FF48AE /* Debug */,
				0BC8E1912D04496300FF48AE /* Release */,
			);
			defaultConfigurationIsVisible = 0;
			defaultConfigurationName = Release;
		};
/* End XCConfigurationList section */
	};
	rootObject = 0BC8E1582D04496100FF48AE /* Project object */;
}
